id: lora_sdr_adder
label: Add Streams
category: '[LoRa]'

inputs:
-   domain: stream
    dtype: complex
    multiplicity: ${num_ports}

parameters:
- id: num_ports
  label: Number of ports
  dtype: int
  default : 1

outputs:
-   domain: stream
    dtype: complex


templates:
    imports: import lora_sdr
    make: lora_sdr.adder()

documentation: |-
    TODO
      Input:
        in: stream of payload bytes
        pay_len: length of the payload in bytes
        CRC: Indication of the payload crc presence
      Output:
        (optional) msg: Received payload

file_format: 1